// !$*UTF8*$!
{
	archiveVersion = 1;
	classes = {
	};
	objectVersion = 46;
	objects = {

/* Begin PBXBuildFile section */
		9A36D0961AC58F6100B74EFF /* PreferencesWindowController.m in Sources */ = {isa = PBXBuildFile; fileRef = 9A36D0941AC58F6100B74EFF /* PreferencesWindowController.m */; };
		9A36D0971AC58F6100B74EFF /* PreferencesWindowController.xib in Resources */ = {isa = PBXBuildFile; fileRef = 9A36D0951AC58F6100B74EFF /* PreferencesWindowController.xib */; };
		9A36D09A1AC597E500B74EFF /* Config.m in Sources */ = {isa = PBXBuildFile; fileRef = 9A36D0991AC597E500B74EFF /* Config.m */; };
		9A3F29D31AD178540058C8F7 /* PixellatedImageCell.m in Sources */ = {isa = PBXBuildFile; fileRef = 9A3F29D21AD178540058C8F7 /* PixellatedImageCell.m */; };
		9A42AAC01AD1B04200554806 /* RightClickAwareStatusItemView.m in Sources */ = {isa = PBXBuildFile; fileRef = 9A42AABF1AD1B04200554806 /* RightClickAwareStatusItemView.m */; };
		9A485CAE1ACC2469000DA37D /* Session.m in Sources */ = {isa = PBXBuildFile; fileRef = 9A485CAD1ACC2469000DA37D /* Session.m */; };
		9A597C3B1AC32F41002648A6 /* AppDelegate.m in Sources */ = {isa = PBXBuildFile; fileRef = 9A597C3A1AC32F41002648A6 /* AppDelegate.m */; };
		9A597C3D1AC32F41002648A6 /* main.m in Sources */ = {isa = PBXBuildFile; fileRef = 9A597C3C1AC32F41002648A6 /* main.m */; };
		9A597C3F1AC32F41002648A6 /* Images.xcassets in Resources */ = {isa = PBXBuildFile; fileRef = 9A597C3E1AC32F41002648A6 /* Images.xcassets */; };
		9A597C421AC32F41002648A6 /* MainMenu.xib in Resources */ = {isa = PBXBuildFile; fileRef = 9A597C401AC32F41002648A6 /* MainMenu.xib */; };
		9A597C4E1AC32F41002648A6 /* PomodorinTests.m in Sources */ = {isa = PBXBuildFile; fileRef = 9A597C4D1AC32F41002648A6 /* PomodorinTests.m */; };
		9A597C5E1AC32FC5002648A6 /* ShortBreak.m in Sources */ = {isa = PBXBuildFile; fileRef = 9A597C5B1AC32FC5002648A6 /* ShortBreak.m */; };
		9A597C6A1AC32FEC002648A6 /* Pomodoro.m in Sources */ = {isa = PBXBuildFile; fileRef = 9A597C611AC32FEC002648A6 /* Pomodoro.m */; };
		9A597C6B1AC32FEC002648A6 /* Record.m in Sources */ = {isa = PBXBuildFile; fileRef = 9A597C631AC32FEC002648A6 /* Record.m */; };
		9A597C6C1AC32FEC002648A6 /* Summary.m in Sources */ = {isa = PBXBuildFile; fileRef = 9A597C651AC32FEC002648A6 /* Summary.m */; };
		9A597C6D1AC32FEC002648A6 /* TimeBox.m in Sources */ = {isa = PBXBuildFile; fileRef = 9A597C671AC32FEC002648A6 /* TimeBox.m */; };
		9A597C6E1AC32FEC002648A6 /* TodayStatus.m in Sources */ = {isa = PBXBuildFile; fileRef = 9A597C691AC32FEC002648A6 /* TodayStatus.m */; };
		9A597C721AC3300E002648A6 /* DecideNextStepViewController.m in Sources */ = {isa = PBXBuildFile; fileRef = 9A597C701AC3300E002648A6 /* DecideNextStepViewController.m */; };
		9A597C731AC3300E002648A6 /* DecideNextStepViewController.xib in Resources */ = {isa = PBXBuildFile; fileRef = 9A597C711AC3300E002648A6 /* DecideNextStepViewController.xib */; };
		9A597C7A1AC3301D002648A6 /* MainViewController.m in Sources */ = {isa = PBXBuildFile; fileRef = 9A597C751AC3301D002648A6 /* MainViewController.m */; };
		9A597C7B1AC3301D002648A6 /* MainViewController.xib in Resources */ = {isa = PBXBuildFile; fileRef = 9A597C761AC3301D002648A6 /* MainViewController.xib */; };
		9A597C7C1AC3301D002648A6 /* PomodoringViewController.m in Sources */ = {isa = PBXBuildFile; fileRef = 9A597C781AC3301D002648A6 /* PomodoringViewController.m */; };
		9A597C7D1AC3301D002648A6 /* PomodoringViewController.xib in Resources */ = {isa = PBXBuildFile; fileRef = 9A597C791AC3301D002648A6 /* PomodoringViewController.xib */; };
		9A597C881AC4A160002648A6 /* RecordWindowController.m in Sources */ = {isa = PBXBuildFile; fileRef = 9A597C861AC4A160002648A6 /* RecordWindowController.m */; };
		9A597C891AC4A160002648A6 /* RecordWindowController.xib in Resources */ = {isa = PBXBuildFile; fileRef = 9A597C871AC4A160002648A6 /* RecordWindowController.xib */; };
		9A5CEA3B1AD2C212003B3C6B /* MainWindowController.m in Sources */ = {isa = PBXBuildFile; fileRef = 9A5CEA391AD2C212003B3C6B /* MainWindowController.m */; };
		9A5CEA3C1AD2C212003B3C6B /* MainWindowController.xib in Resources */ = {isa = PBXBuildFile; fileRef = 9A5CEA3A1AD2C212003B3C6B /* MainWindowController.xib */; };
		9A60256C1AD16F5100B8232C /* PixellatedButtonCell.m in Sources */ = {isa = PBXBuildFile; fileRef = 9A60256B1AD16F5100B8232C /* PixellatedButtonCell.m */; };
		9A98845F1AD01FD000DE2A43 /* ViewAdditions.m in Sources */ = {isa = PBXBuildFile; fileRef = 9A98845E1AD01FD000DE2A43 /* ViewAdditions.m */; };
		9A9884621AD024EA00DE2A43 /* LongBreak.m in Sources */ = {isa = PBXBuildFile; fileRef = 9A9884611AD024EA00DE2A43 /* LongBreak.m */; };
		9AA40B6E1AD5610A004C11DF /* BreakTests.m in Sources */ = {isa = PBXBuildFile; fileRef = 9AA40B6D1AD5610A004C11DF /* BreakTests.m */; };
		9AA40B701AD56299004C11DF /* SummaryTests.m in Sources */ = {isa = PBXBuildFile; fileRef = 9AA40B6F1AD56299004C11DF /* SummaryTests.m */; };
		9AA40B721AD565A4004C11DF /* RecordTests.m in Sources */ = {isa = PBXBuildFile; fileRef = 9AA40B711AD565A4004C11DF /* RecordTests.m */; };
		9AA40B741AD56B24004C11DF /* SessionTests.m in Sources */ = {isa = PBXBuildFile; fileRef = 9AA40B731AD56B24004C11DF /* SessionTests.m */; };
		9ABBB91B1ACF29D3001E64C2 /* LICENSE.txt in Resources */ = {isa = PBXBuildFile; fileRef = 9ABBB91A1ACF29D3001E64C2 /* LICENSE.txt */; };
		9ABBB91D1ACF4C5A001E64C2 /* README_es.md in Sources */ = {isa = PBXBuildFile; fileRef = 9ABBB91C1ACF4C5A001E64C2 /* README_es.md */; };
		9AE08AE81AC5FB5600FC0E5D /* config.json in Resources */ = {isa = PBXBuildFile; fileRef = 9AE08AE71AC5FB5600FC0E5D /* config.json */; };
		9AE08AEA1AC60D8F00FC0E5D /* model.dat in Resources */ = {isa = PBXBuildFile; fileRef = 9AE08AE91AC60D8F00FC0E5D /* model.dat */; };
		9AE355081AD550F50097AC0C /* Timer.m in Sources */ = {isa = PBXBuildFile; fileRef = 9AE355071AD550F50097AC0C /* Timer.m */; };
		9AE3550B1AD552400097AC0C /* SystemTimer.m in Sources */ = {isa = PBXBuildFile; fileRef = 9AE3550A1AD552400097AC0C /* SystemTimer.m */; };
		9AE355111AD55A5F0097AC0C /* TestTimer.m in Sources */ = {isa = PBXBuildFile; fileRef = 9AE355101AD55A5F0097AC0C /* TestTimer.m */; };
		9AE355131AD55D450097AC0C /* PomodoroTests.m in Sources */ = {isa = PBXBuildFile; fileRef = 9AE355121AD55D450097AC0C /* PomodoroTests.m */; };
		9AFE5D191ACF0EF400E203CA /* README.md in Sources */ = {isa = PBXBuildFile; fileRef = 9AFE5D181ACF0EF400E203CA /* README.md */; };
/* End PBXBuildFile section */

/* Begin PBXContainerItemProxy section */
		9A597C481AC32F41002648A6 /* PBXContainerItemProxy */ = {
			isa = PBXContainerItemProxy;
			containerPortal = 9A597C2C1AC32F41002648A6 /* Project object */;
			proxyType = 1;
			remoteGlobalIDString = 9A597C331AC32F41002648A6;
			remoteInfo = Pomodorin;
		};
/* End PBXContainerItemProxy section */

/* Begin PBXFileReference section */
		9A36D0931AC58F6100B74EFF /* PreferencesWindowController.h */ = {isa = PBXFileReference; fileEncoding = 4; lastKnownFileType = sourcecode.c.h; path = PreferencesWindowController.h; sourceTree = "<group>"; };
		9A36D0941AC58F6100B74EFF /* PreferencesWindowController.m */ = {isa = PBXFileReference; fileEncoding = 4; lastKnownFileType = sourcecode.c.objc; path = PreferencesWindowController.m; sourceTree = "<group>"; };
		9A36D0951AC58F6100B74EFF /* PreferencesWindowController.xib */ = {isa = PBXFileReference; fileEncoding = 4; lastKnownFileType = file.xib; path = PreferencesWindowController.xib; sourceTree = "<group>"; };
		9A36D0981AC597E500B74EFF /* Config.h */ = {isa = PBXFileReference; fileEncoding = 4; lastKnownFileType = sourcecode.c.h; path = Config.h; sourceTree = "<group>"; };
		9A36D0991AC597E500B74EFF /* Config.m */ = {isa = PBXFileReference; fileEncoding = 4; lastKnownFileType = sourcecode.c.objc; path = Config.m; sourceTree = "<group>"; };
		9A3F29D11AD178540058C8F7 /* PixellatedImageCell.h */ = {isa = PBXFileReference; fileEncoding = 4; lastKnownFileType = sourcecode.c.h; path = PixellatedImageCell.h; sourceTree = "<group>"; };
		9A3F29D21AD178540058C8F7 /* PixellatedImageCell.m */ = {isa = PBXFileReference; fileEncoding = 4; lastKnownFileType = sourcecode.c.objc; path = PixellatedImageCell.m; sourceTree = "<group>"; };
		9A42AABE1AD1B04200554806 /* RightClickAwareStatusItemView.h */ = {isa = PBXFileReference; fileEncoding = 4; lastKnownFileType = sourcecode.c.h; path = RightClickAwareStatusItemView.h; sourceTree = "<group>"; };
		9A42AABF1AD1B04200554806 /* RightClickAwareStatusItemView.m */ = {isa = PBXFileReference; fileEncoding = 4; lastKnownFileType = sourcecode.c.objc; path = RightClickAwareStatusItemView.m; sourceTree = "<group>"; };
		9A485CAC1ACC2469000DA37D /* Session.h */ = {isa = PBXFileReference; fileEncoding = 4; lastKnownFileType = sourcecode.c.h; path = Session.h; sourceTree = "<group>"; };
		9A485CAD1ACC2469000DA37D /* Session.m */ = {isa = PBXFileReference; fileEncoding = 4; lastKnownFileType = sourcecode.c.objc; path = Session.m; sourceTree = "<group>"; };
		9A597C341AC32F41002648A6 /* Pomodorin.app */ = {isa = PBXFileReference; explicitFileType = wrapper.application; includeInIndex = 0; path = Pomodorin.app; sourceTree = BUILT_PRODUCTS_DIR; };
		9A597C381AC32F41002648A6 /* Info.plist */ = {isa = PBXFileReference; lastKnownFileType = text.plist.xml; path = Info.plist; sourceTree = "<group>"; };
		9A597C391AC32F41002648A6 /* AppDelegate.h */ = {isa = PBXFileReference; lastKnownFileType = sourcecode.c.h; path = AppDelegate.h; sourceTree = "<group>"; };
		9A597C3A1AC32F41002648A6 /* AppDelegate.m */ = {isa = PBXFileReference; lastKnownFileType = sourcecode.c.objc; path = AppDelegate.m; sourceTree = "<group>"; };
		9A597C3C1AC32F41002648A6 /* main.m */ = {isa = PBXFileReference; lastKnownFileType = sourcecode.c.objc; path = main.m; sourceTree = "<group>"; };
		9A597C3E1AC32F41002648A6 /* Images.xcassets */ = {isa = PBXFileReference; lastKnownFileType = folder.assetcatalog; path = Images.xcassets; sourceTree = "<group>"; };
		9A597C411AC32F41002648A6 /* Base */ = {isa = PBXFileReference; lastKnownFileType = file.xib; name = Base; path = Base.lproj/MainMenu.xib; sourceTree = "<group>"; };
		9A597C471AC32F41002648A6 /* PomodorinTests.xctest */ = {isa = PBXFileReference; explicitFileType = wrapper.cfbundle; includeInIndex = 0; path = PomodorinTests.xctest; sourceTree = BUILT_PRODUCTS_DIR; };
		9A597C4C1AC32F41002648A6 /* Info.plist */ = {isa = PBXFileReference; lastKnownFileType = text.plist.xml; path = Info.plist; sourceTree = "<group>"; };
		9A597C4D1AC32F41002648A6 /* PomodorinTests.m */ = {isa = PBXFileReference; lastKnownFileType = sourcecode.c.objc; path = PomodorinTests.m; sourceTree = "<group>"; };
		9A597C5A1AC32FC5002648A6 /* ShortBreak.h */ = {isa = PBXFileReference; fileEncoding = 4; lastKnownFileType = sourcecode.c.h; path = ShortBreak.h; sourceTree = "<group>"; };
		9A597C5B1AC32FC5002648A6 /* ShortBreak.m */ = {isa = PBXFileReference; fileEncoding = 4; lastKnownFileType = sourcecode.c.objc; path = ShortBreak.m; sourceTree = "<group>"; };
		9A597C601AC32FEC002648A6 /* Pomodoro.h */ = {isa = PBXFileReference; fileEncoding = 4; lastKnownFileType = sourcecode.c.h; path = Pomodoro.h; sourceTree = "<group>"; };
		9A597C611AC32FEC002648A6 /* Pomodoro.m */ = {isa = PBXFileReference; fileEncoding = 4; lastKnownFileType = sourcecode.c.objc; path = Pomodoro.m; sourceTree = "<group>"; };
		9A597C621AC32FEC002648A6 /* Record.h */ = {isa = PBXFileReference; fileEncoding = 4; lastKnownFileType = sourcecode.c.h; path = Record.h; sourceTree = "<group>"; };
		9A597C631AC32FEC002648A6 /* Record.m */ = {isa = PBXFileReference; fileEncoding = 4; lastKnownFileType = sourcecode.c.objc; path = Record.m; sourceTree = "<group>"; };
		9A597C641AC32FEC002648A6 /* Summary.h */ = {isa = PBXFileReference; fileEncoding = 4; lastKnownFileType = sourcecode.c.h; path = Summary.h; sourceTree = "<group>"; };
		9A597C651AC32FEC002648A6 /* Summary.m */ = {isa = PBXFileReference; fileEncoding = 4; lastKnownFileType = sourcecode.c.objc; path = Summary.m; sourceTree = "<group>"; };
		9A597C661AC32FEC002648A6 /* TimeBox.h */ = {isa = PBXFileReference; fileEncoding = 4; lastKnownFileType = sourcecode.c.h; path = TimeBox.h; sourceTree = "<group>"; };
		9A597C671AC32FEC002648A6 /* TimeBox.m */ = {isa = PBXFileReference; fileEncoding = 4; lastKnownFileType = sourcecode.c.objc; path = TimeBox.m; sourceTree = "<group>"; };
		9A597C681AC32FEC002648A6 /* TodayStatus.h */ = {isa = PBXFileReference; fileEncoding = 4; lastKnownFileType = sourcecode.c.h; path = TodayStatus.h; sourceTree = "<group>"; };
		9A597C691AC32FEC002648A6 /* TodayStatus.m */ = {isa = PBXFileReference; fileEncoding = 4; lastKnownFileType = sourcecode.c.objc; path = TodayStatus.m; sourceTree = "<group>"; };
		9A597C6F1AC3300E002648A6 /* DecideNextStepViewController.h */ = {isa = PBXFileReference; fileEncoding = 4; lastKnownFileType = sourcecode.c.h; path = DecideNextStepViewController.h; sourceTree = "<group>"; };
		9A597C701AC3300E002648A6 /* DecideNextStepViewController.m */ = {isa = PBXFileReference; fileEncoding = 4; lastKnownFileType = sourcecode.c.objc; path = DecideNextStepViewController.m; sourceTree = "<group>"; };
		9A597C711AC3300E002648A6 /* DecideNextStepViewController.xib */ = {isa = PBXFileReference; fileEncoding = 4; lastKnownFileType = file.xib; path = DecideNextStepViewController.xib; sourceTree = "<group>"; };
		9A597C741AC3301D002648A6 /* MainViewController.h */ = {isa = PBXFileReference; fileEncoding = 4; lastKnownFileType = sourcecode.c.h; path = MainViewController.h; sourceTree = "<group>"; };
		9A597C751AC3301D002648A6 /* MainViewController.m */ = {isa = PBXFileReference; fileEncoding = 4; lastKnownFileType = sourcecode.c.objc; path = MainViewController.m; sourceTree = "<group>"; };
		9A597C761AC3301D002648A6 /* MainViewController.xib */ = {isa = PBXFileReference; fileEncoding = 4; lastKnownFileType = file.xib; path = MainViewController.xib; sourceTree = "<group>"; };
		9A597C771AC3301D002648A6 /* PomodoringViewController.h */ = {isa = PBXFileReference; fileEncoding = 4; lastKnownFileType = sourcecode.c.h; path = PomodoringViewController.h; sourceTree = "<group>"; };
		9A597C781AC3301D002648A6 /* PomodoringViewController.m */ = {isa = PBXFileReference; fileEncoding = 4; lastKnownFileType = sourcecode.c.objc; path = PomodoringViewController.m; sourceTree = "<group>"; };
		9A597C791AC3301D002648A6 /* PomodoringViewController.xib */ = {isa = PBXFileReference; fileEncoding = 4; lastKnownFileType = file.xib; path = PomodoringViewController.xib; sourceTree = "<group>"; };
		9A597C851AC4A160002648A6 /* RecordWindowController.h */ = {isa = PBXFileReference; fileEncoding = 4; lastKnownFileType = sourcecode.c.h; path = RecordWindowController.h; sourceTree = "<group>"; };
		9A597C861AC4A160002648A6 /* RecordWindowController.m */ = {isa = PBXFileReference; fileEncoding = 4; lastKnownFileType = sourcecode.c.objc; path = RecordWindowController.m; sourceTree = "<group>"; };
		9A597C871AC4A160002648A6 /* RecordWindowController.xib */ = {isa = PBXFileReference; fileEncoding = 4; lastKnownFileType = file.xib; path = RecordWindowController.xib; sourceTree = "<group>"; };
		9A5CEA381AD2C212003B3C6B /* MainWindowController.h */ = {isa = PBXFileReference; fileEncoding = 4; lastKnownFileType = sourcecode.c.h; path = MainWindowController.h; sourceTree = "<group>"; };
		9A5CEA391AD2C212003B3C6B /* MainWindowController.m */ = {isa = PBXFileReference; fileEncoding = 4; lastKnownFileType = sourcecode.c.objc; path = MainWindowController.m; sourceTree = "<group>"; };
		9A5CEA3A1AD2C212003B3C6B /* MainWindowController.xib */ = {isa = PBXFileReference; fileEncoding = 4; lastKnownFileType = file.xib; path = MainWindowController.xib; sourceTree = "<group>"; };
		9A60256A1AD16F5100B8232C /* PixellatedButtonCell.h */ = {isa = PBXFileReference; fileEncoding = 4; lastKnownFileType = sourcecode.c.h; path = PixellatedButtonCell.h; sourceTree = "<group>"; };
		9A60256B1AD16F5100B8232C /* PixellatedButtonCell.m */ = {isa = PBXFileReference; fileEncoding = 4; lastKnownFileType = sourcecode.c.objc; path = PixellatedButtonCell.m; sourceTree = "<group>"; };
		9A98845D1AD01FD000DE2A43 /* ViewAdditions.h */ = {isa = PBXFileReference; fileEncoding = 4; lastKnownFileType = sourcecode.c.h; path = ViewAdditions.h; sourceTree = "<group>"; };
		9A98845E1AD01FD000DE2A43 /* ViewAdditions.m */ = {isa = PBXFileReference; fileEncoding = 4; lastKnownFileType = sourcecode.c.objc; path = ViewAdditions.m; sourceTree = "<group>"; };
		9A9884601AD024EA00DE2A43 /* LongBreak.h */ = {isa = PBXFileReference; fileEncoding = 4; lastKnownFileType = sourcecode.c.h; path = LongBreak.h; sourceTree = "<group>"; };
		9A9884611AD024EA00DE2A43 /* LongBreak.m */ = {isa = PBXFileReference; fileEncoding = 4; lastKnownFileType = sourcecode.c.objc; path = LongBreak.m; sourceTree = "<group>"; };
		9AA40B6D1AD5610A004C11DF /* BreakTests.m */ = {isa = PBXFileReference; fileEncoding = 4; lastKnownFileType = sourcecode.c.objc; path = BreakTests.m; sourceTree = "<group>"; };
		9AA40B6F1AD56299004C11DF /* SummaryTests.m */ = {isa = PBXFileReference; fileEncoding = 4; lastKnownFileType = sourcecode.c.objc; path = SummaryTests.m; sourceTree = "<group>"; };
		9AA40B711AD565A4004C11DF /* RecordTests.m */ = {isa = PBXFileReference; fileEncoding = 4; lastKnownFileType = sourcecode.c.objc; path = RecordTests.m; sourceTree = "<group>"; };
		9AA40B731AD56B24004C11DF /* SessionTests.m */ = {isa = PBXFileReference; fileEncoding = 4; lastKnownFileType = sourcecode.c.objc; path = SessionTests.m; sourceTree = "<group>"; };
		9ABBB91A1ACF29D3001E64C2 /* LICENSE.txt */ = {isa = PBXFileReference; fileEncoding = 4; lastKnownFileType = text; path = LICENSE.txt; sourceTree = "<group>"; };
		9ABBB91C1ACF4C5A001E64C2 /* README_es.md */ = {isa = PBXFileReference; fileEncoding = 4; lastKnownFileType = net.daringfireball.markdown; path = README_es.md; sourceTree = "<group>"; };
		9AE08AE61AC5F48D00FC0E5D /* GlobalDeclarations.h */ = {isa = PBXFileReference; lastKnownFileType = sourcecode.c.h; path = GlobalDeclarations.h; sourceTree = "<group>"; };
		9AE08AE71AC5FB5600FC0E5D /* config.json */ = {isa = PBXFileReference; fileEncoding = 4; lastKnownFileType = text.json; path = config.json; sourceTree = "<group>"; };
		9AE08AE91AC60D8F00FC0E5D /* model.dat */ = {isa = PBXFileReference; fileEncoding = 4; lastKnownFileType = text; path = model.dat; sourceTree = "<group>"; };
		9AE355061AD550F50097AC0C /* Timer.h */ = {isa = PBXFileReference; fileEncoding = 4; lastKnownFileType = sourcecode.c.h; path = Timer.h; sourceTree = "<group>"; };
		9AE355071AD550F50097AC0C /* Timer.m */ = {isa = PBXFileReference; fileEncoding = 4; lastKnownFileType = sourcecode.c.objc; path = Timer.m; sourceTree = "<group>"; };
		9AE355091AD552400097AC0C /* SystemTimer.h */ = {isa = PBXFileReference; fileEncoding = 4; lastKnownFileType = sourcecode.c.h; path = SystemTimer.h; sourceTree = "<group>"; };
		9AE3550A1AD552400097AC0C /* SystemTimer.m */ = {isa = PBXFileReference; fileEncoding = 4; lastKnownFileType = sourcecode.c.objc; path = SystemTimer.m; sourceTree = "<group>"; };
		9AE3550F1AD55A5F0097AC0C /* TestTimer.h */ = {isa = PBXFileReference; fileEncoding = 4; lastKnownFileType = sourcecode.c.h; path = TestTimer.h; sourceTree = "<group>"; };
		9AE355101AD55A5F0097AC0C /* TestTimer.m */ = {isa = PBXFileReference; fileEncoding = 4; lastKnownFileType = sourcecode.c.objc; path = TestTimer.m; sourceTree = "<group>"; };
		9AE355121AD55D450097AC0C /* PomodoroTests.m */ = {isa = PBXFileReference; fileEncoding = 4; lastKnownFileType = sourcecode.c.objc; path = PomodoroTests.m; sourceTree = "<group>"; };
		9AFE5D181ACF0EF400E203CA /* README.md */ = {isa = PBXFileReference; fileEncoding = 4; lastKnownFileType = net.daringfireball.markdown; path = README.md; sourceTree = "<group>"; };
/* End PBXFileReference section */

/* Begin PBXFrameworksBuildPhase section */
		9A597C311AC32F41002648A6 /* Frameworks */ = {
			isa = PBXFrameworksBuildPhase;
			buildActionMask = 2147483647;
			files = (
			);
			runOnlyForDeploymentPostprocessing = 0;
		};
		9A597C441AC32F41002648A6 /* Frameworks */ = {
			isa = PBXFrameworksBuildPhase;
			buildActionMask = 2147483647;
			files = (
			);
			runOnlyForDeploymentPostprocessing = 0;
		};
/* End PBXFrameworksBuildPhase section */

/* Begin PBXGroup section */
		9A597C2B1AC32F41002648A6 = {
			isa = PBXGroup;
			children = (
				9ABBB91A1ACF29D3001E64C2 /* LICENSE.txt */,
				9AFE5D181ACF0EF400E203CA /* README.md */,
				9ABBB91C1ACF4C5A001E64C2 /* README_es.md */,
				9A597C361AC32F41002648A6 /* Pomodorin */,
				9A597C4A1AC32F41002648A6 /* PomodorinTests */,
				9A597C351AC32F41002648A6 /* Products */,
			);
			sourceTree = "<group>";
		};
		9A597C351AC32F41002648A6 /* Products */ = {
			isa = PBXGroup;
			children = (
				9A597C341AC32F41002648A6 /* Pomodorin.app */,
				9A597C471AC32F41002648A6 /* PomodorinTests.xctest */,
			);
			name = Products;
			sourceTree = "<group>";
		};
		9A597C361AC32F41002648A6 /* Pomodorin */ = {
			isa = PBXGroup;
			children = (
				9A597C591AC32F80002648A6 /* View */,
				9A597C571AC32F6F002648A6 /* Model */,
				9A597C391AC32F41002648A6 /* AppDelegate.h */,
				9A597C3A1AC32F41002648A6 /* AppDelegate.m */,
				9A597C3E1AC32F41002648A6 /* Images.xcassets */,
				9A597C401AC32F41002648A6 /* MainMenu.xib */,
				9A597C371AC32F41002648A6 /* Supporting Files */,
				9AE08AE61AC5F48D00FC0E5D /* GlobalDeclarations.h */,
			);
			path = Pomodorin;
			sourceTree = "<group>";
		};
		9A597C371AC32F41002648A6 /* Supporting Files */ = {
			isa = PBXGroup;
			children = (
				9A597C381AC32F41002648A6 /* Info.plist */,
				9A597C3C1AC32F41002648A6 /* main.m */,
				9AE08AE71AC5FB5600FC0E5D /* config.json */,
				9AE08AE91AC60D8F00FC0E5D /* model.dat */,
			);
			name = "Supporting Files";
			sourceTree = "<group>";
		};
		9A597C4A1AC32F41002648A6 /* PomodorinTests */ = {
			isa = PBXGroup;
			children = (
				9AA40B731AD56B24004C11DF /* SessionTests.m */,
				9AA40B711AD565A4004C11DF /* RecordTests.m */,
				9AA40B6F1AD56299004C11DF /* SummaryTests.m */,
				9AA40B6D1AD5610A004C11DF /* BreakTests.m */,
				9AE355121AD55D450097AC0C /* PomodoroTests.m */,
				9A597C4D1AC32F41002648A6 /* PomodorinTests.m */,
				9A597C4B1AC32F41002648A6 /* Supporting Files */,
				9AE3550F1AD55A5F0097AC0C /* TestTimer.h */,
				9AE355101AD55A5F0097AC0C /* TestTimer.m */,
			);
			path = PomodorinTests;
			sourceTree = "<group>";
		};
		9A597C4B1AC32F41002648A6 /* Supporting Files */ = {
			isa = PBXGroup;
			children = (
				9A597C4C1AC32F41002648A6 /* Info.plist */,
			);
			name = "Supporting Files";
			sourceTree = "<group>";
		};
		9A597C571AC32F6F002648A6 /* Model */ = {
			isa = PBXGroup;
			children = (
				9AE355061AD550F50097AC0C /* Timer.h */,
				9AE355071AD550F50097AC0C /* Timer.m */,
				9A597C601AC32FEC002648A6 /* Pomodoro.h */,
				9A597C611AC32FEC002648A6 /* Pomodoro.m */,
				9A597C621AC32FEC002648A6 /* Record.h */,
				9A597C631AC32FEC002648A6 /* Record.m */,
				9A597C641AC32FEC002648A6 /* Summary.h */,
				9A597C651AC32FEC002648A6 /* Summary.m */,
				9A597C661AC32FEC002648A6 /* TimeBox.h */,
				9A597C671AC32FEC002648A6 /* TimeBox.m */,
				9A597C681AC32FEC002648A6 /* TodayStatus.h */,
				9A597C691AC32FEC002648A6 /* TodayStatus.m */,
				9A597C5A1AC32FC5002648A6 /* ShortBreak.h */,
				9A597C5B1AC32FC5002648A6 /* ShortBreak.m */,
				9A36D0981AC597E500B74EFF /* Config.h */,
				9A36D0991AC597E500B74EFF /* Config.m */,
				9A485CAC1ACC2469000DA37D /* Session.h */,
				9A485CAD1ACC2469000DA37D /* Session.m */,
				9A9884601AD024EA00DE2A43 /* LongBreak.h */,
				9A9884611AD024EA00DE2A43 /* LongBreak.m */,
				9AE355091AD552400097AC0C /* SystemTimer.h */,
				9AE3550A1AD552400097AC0C /* SystemTimer.m */,
			);
			name = Model;
			sourceTree = "<group>";
		};
		9A597C591AC32F80002648A6 /* View */ = {
			isa = PBXGroup;
			children = (
				9A6025691AD16F1300B8232C /* CustomControls */,
				9A597C741AC3301D002648A6 /* MainViewController.h */,
				9A597C751AC3301D002648A6 /* MainViewController.m */,
				9A597C761AC3301D002648A6 /* MainViewController.xib */,
				9A597C771AC3301D002648A6 /* PomodoringViewController.h */,
				9A597C781AC3301D002648A6 /* PomodoringViewController.m */,
				9A597C791AC3301D002648A6 /* PomodoringViewController.xib */,
				9A597C6F1AC3300E002648A6 /* DecideNextStepViewController.h */,
				9A597C701AC3300E002648A6 /* DecideNextStepViewController.m */,
				9A597C711AC3300E002648A6 /* DecideNextStepViewController.xib */,
				9A597C851AC4A160002648A6 /* RecordWindowController.h */,
				9A597C861AC4A160002648A6 /* RecordWindowController.m */,
				9A597C871AC4A160002648A6 /* RecordWindowController.xib */,
				9A36D0931AC58F6100B74EFF /* PreferencesWindowController.h */,
				9A36D0941AC58F6100B74EFF /* PreferencesWindowController.m */,
				9A36D0951AC58F6100B74EFF /* PreferencesWindowController.xib */,
				9A98845D1AD01FD000DE2A43 /* ViewAdditions.h */,
				9A98845E1AD01FD000DE2A43 /* ViewAdditions.m */,
				9A5CEA381AD2C212003B3C6B /* MainWindowController.h */,
				9A5CEA391AD2C212003B3C6B /* MainWindowController.m */,
				9A5CEA3A1AD2C212003B3C6B /* MainWindowController.xib */,
			);
			name = View;
			sourceTree = "<group>";
		};
		9A6025691AD16F1300B8232C /* CustomControls */ = {
			isa = PBXGroup;
			children = (
				9A60256A1AD16F5100B8232C /* PixellatedButtonCell.h */,
				9A60256B1AD16F5100B8232C /* PixellatedButtonCell.m */,
				9A3F29D11AD178540058C8F7 /* PixellatedImageCell.h */,
				9A3F29D21AD178540058C8F7 /* PixellatedImageCell.m */,
				9A42AABE1AD1B04200554806 /* RightClickAwareStatusItemView.h */,
				9A42AABF1AD1B04200554806 /* RightClickAwareStatusItemView.m */,
			);
			name = CustomControls;
			sourceTree = "<group>";
		};
/* End PBXGroup section */

/* Begin PBXNativeTarget section */
		9A597C331AC32F41002648A6 /* Pomodorin */ = {
			isa = PBXNativeTarget;
			buildConfigurationList = 9A597C511AC32F41002648A6 /* Build configuration list for PBXNativeTarget "Pomodorin" */;
			buildPhases = (
				9A597C301AC32F41002648A6 /* Sources */,
				9A597C311AC32F41002648A6 /* Frameworks */,
				9A597C321AC32F41002648A6 /* Resources */,
			);
			buildRules = (
			);
			dependencies = (
			);
			name = Pomodorin;
			productName = Pomodorin;
			productReference = 9A597C341AC32F41002648A6 /* Pomodorin.app */;
			productType = "com.apple.product-type.application";
		};
		9A597C461AC32F41002648A6 /* PomodorinTests */ = {
			isa = PBXNativeTarget;
			buildConfigurationList = 9A597C541AC32F41002648A6 /* Build configuration list for PBXNativeTarget "PomodorinTests" */;
			buildPhases = (
				9A597C431AC32F41002648A6 /* Sources */,
				9A597C441AC32F41002648A6 /* Frameworks */,
				9A597C451AC32F41002648A6 /* Resources */,
			);
			buildRules = (
			);
			dependencies = (
				9A597C491AC32F41002648A6 /* PBXTargetDependency */,
			);
			name = PomodorinTests;
			productName = PomodorinTests;
			productReference = 9A597C471AC32F41002648A6 /* PomodorinTests.xctest */;
			productType = "com.apple.product-type.bundle.unit-test";
		};
/* End PBXNativeTarget section */

/* Begin PBXProject section */
		9A597C2C1AC32F41002648A6 /* Project object */ = {
			isa = PBXProject;
			attributes = {
				LastUpgradeCheck = 0620;
				ORGANIZATIONNAME = mmazzei;
				TargetAttributes = {
					9A597C331AC32F41002648A6 = {
						CreatedOnToolsVersion = 6.2;
					};
					9A597C461AC32F41002648A6 = {
						CreatedOnToolsVersion = 6.2;
						TestTargetID = 9A597C331AC32F41002648A6;
					};
				};
			};
			buildConfigurationList = 9A597C2F1AC32F41002648A6 /* Build configuration list for PBXProject "Pomodorin" */;
			compatibilityVersion = "Xcode 3.2";
			developmentRegion = English;
			hasScannedForEncodings = 0;
			knownRegions = (
				en,
				Base,
			);
			mainGroup = 9A597C2B1AC32F41002648A6;
			productRefGroup = 9A597C351AC32F41002648A6 /* Products */;
			projectDirPath = "";
			projectRoot = "";
			targets = (
				9A597C331AC32F41002648A6 /* Pomodorin */,
				9A597C461AC32F41002648A6 /* PomodorinTests */,
			);
		};
/* End PBXProject section */

/* Begin PBXResourcesBuildPhase section */
		9A597C321AC32F41002648A6 /* Resources */ = {
			isa = PBXResourcesBuildPhase;
			buildActionMask = 2147483647;
			files = (
				9A597C3F1AC32F41002648A6 /* Images.xcassets in Resources */,
				9AE08AE81AC5FB5600FC0E5D /* config.json in Resources */,
				9AE08AEA1AC60D8F00FC0E5D /* model.dat in Resources */,
				9A597C731AC3300E002648A6 /* DecideNextStepViewController.xib in Resources */,
				9A5CEA3C1AD2C212003B3C6B /* MainWindowController.xib in Resources */,
				9A597C421AC32F41002648A6 /* MainMenu.xib in Resources */,
				9A597C7D1AC3301D002648A6 /* PomodoringViewController.xib in Resources */,
				9A597C7B1AC3301D002648A6 /* MainViewController.xib in Resources */,
				9A36D0971AC58F6100B74EFF /* PreferencesWindowController.xib in Resources */,
				9ABBB91B1ACF29D3001E64C2 /* LICENSE.txt in Resources */,
				9A597C891AC4A160002648A6 /* RecordWindowController.xib in Resources */,
			);
			runOnlyForDeploymentPostprocessing = 0;
		};
		9A597C451AC32F41002648A6 /* Resources */ = {
			isa = PBXResourcesBuildPhase;
			buildActionMask = 2147483647;
			files = (
			);
			runOnlyForDeploymentPostprocessing = 0;
		};
/* End PBXResourcesBuildPhase section */

/* Begin PBXSourcesBuildPhase section */
		9A597C301AC32F41002648A6 /* Sources */ = {
			isa = PBXSourcesBuildPhase;
			buildActionMask = 2147483647;
			files = (
				9A5CEA3B1AD2C212003B3C6B /* MainWindowController.m in Sources */,
				9A98845F1AD01FD000DE2A43 /* ViewAdditions.m in Sources */,
				9A597C7A1AC3301D002648A6 /* MainViewController.m in Sources */,
				9AE355081AD550F50097AC0C /* Timer.m in Sources */,
				9A597C6C1AC32FEC002648A6 /* Summary.m in Sources */,
				9A597C6E1AC32FEC002648A6 /* TodayStatus.m in Sources */,
				9A597C6A1AC32FEC002648A6 /* Pomodoro.m in Sources */,
				9A597C881AC4A160002648A6 /* RecordWindowController.m in Sources */,
				9A3F29D31AD178540058C8F7 /* PixellatedImageCell.m in Sources */,
				9A597C5E1AC32FC5002648A6 /* ShortBreak.m in Sources */,
				9A42AAC01AD1B04200554806 /* RightClickAwareStatusItemView.m in Sources */,
				9AFE5D191ACF0EF400E203CA /* README.md in Sources */,
				9A597C7C1AC3301D002648A6 /* PomodoringViewController.m in Sources */,
				9A60256C1AD16F5100B8232C /* PixellatedButtonCell.m in Sources */,
				9ABBB91D1ACF4C5A001E64C2 /* README_es.md in Sources */,
				9A36D09A1AC597E500B74EFF /* Config.m in Sources */,
				9A597C6D1AC32FEC002648A6 /* TimeBox.m in Sources */,
				9A597C3D1AC32F41002648A6 /* main.m in Sources */,
				9A9884621AD024EA00DE2A43 /* LongBreak.m in Sources */,
				9A36D0961AC58F6100B74EFF /* PreferencesWindowController.m in Sources */,
				9A485CAE1ACC2469000DA37D /* Session.m in Sources */,
				9AE3550B1AD552400097AC0C /* SystemTimer.m in Sources */,
				9A597C6B1AC32FEC002648A6 /* Record.m in Sources */,
				9A597C3B1AC32F41002648A6 /* AppDelegate.m in Sources */,
				9A597C721AC3300E002648A6 /* DecideNextStepViewController.m in Sources */,
			);
			runOnlyForDeploymentPostprocessing = 0;
		};
		9A597C431AC32F41002648A6 /* Sources */ = {
			isa = PBXSourcesBuildPhase;
			buildActionMask = 2147483647;
			files = (
				9AA40B741AD56B24004C11DF /* SessionTests.m in Sources */,
				9AA40B721AD565A4004C11DF /* RecordTests.m in Sources */,
				9AE355131AD55D450097AC0C /* PomodoroTests.m in Sources */,
				9A597C4E1AC32F41002648A6 /* PomodorinTests.m in Sources */,
				9AE355111AD55A5F0097AC0C /* TestTimer.m in Sources */,
				9AA40B701AD56299004C11DF /* SummaryTests.m in Sources */,
				9AA40B6E1AD5610A004C11DF /* BreakTests.m in Sources */,
			);
			runOnlyForDeploymentPostprocessing = 0;
		};
/* End PBXSourcesBuildPhase section */

/* Begin PBXTargetDependency section */
		9A597C491AC32F41002648A6 /* PBXTargetDependency */ = {
			isa = PBXTargetDependency;
			target = 9A597C331AC32F41002648A6 /* Pomodorin */;
			targetProxy = 9A597C481AC32F41002648A6 /* PBXContainerItemProxy */;
		};
/* End PBXTargetDependency section */

/* Begin PBXVariantGroup section */
		9A597C401AC32F41002648A6 /* MainMenu.xib */ = {
			isa = PBXVariantGroup;
			children = (
				9A597C411AC32F41002648A6 /* Base */,
			);
			name = MainMenu.xib;
			sourceTree = "<group>";
		};
/* End PBXVariantGroup section */

/* Begin XCBuildConfiguration section */
		9A597C4F1AC32F41002648A6 /* Debug */ = {
			isa = XCBuildConfiguration;
			buildSettings = {
				ALWAYS_SEARCH_USER_PATHS = NO;
				CLANG_CXX_LANGUAGE_STANDARD = "gnu++0x";
				CLANG_CXX_LIBRARY = "libc++";
				CLANG_ENABLE_MODULES = YES;
				CLANG_ENABLE_OBJC_ARC = YES;
				CLANG_WARN_BOOL_CONVERSION = YES;
				CLANG_WARN_CONSTANT_CONVERSION = YES;
				CLANG_WARN_DIRECT_OBJC_ISA_USAGE = YES_ERROR;
				CLANG_WARN_EMPTY_BODY = YES;
				CLANG_WARN_ENUM_CONVERSION = YES;
				CLANG_WARN_INT_CONVERSION = YES;
				CLANG_WARN_OBJC_ROOT_CLASS = YES_ERROR;
				CLANG_WARN_UNREACHABLE_CODE = YES;
				CLANG_WARN__DUPLICATE_METHOD_MATCH = YES;
				CODE_SIGN_IDENTITY = "-";
				COPY_PHASE_STRIP = NO;
				ENABLE_STRICT_OBJC_MSGSEND = YES;
				GCC_C_LANGUAGE_STANDARD = gnu99;
				GCC_DYNAMIC_NO_PIC = NO;
				GCC_OPTIMIZATION_LEVEL = 0;
				GCC_PREPROCESSOR_DEFINITIONS = (
					"DEBUG=1",
					"$(inherited)",
				);
				GCC_SYMBOLS_PRIVATE_EXTERN = NO;
				GCC_WARN_64_TO_32_BIT_CONVERSION = YES;
				GCC_WARN_ABOUT_RETURN_TYPE = YES_ERROR;
				GCC_WARN_UNDECLARED_SELECTOR = YES;
				GCC_WARN_UNINITIALIZED_AUTOS = YES_AGGRESSIVE;
				GCC_WARN_UNUSED_FUNCTION = YES;
				GCC_WARN_UNUSED_VARIABLE = YES;
				MACOSX_DEPLOYMENT_TARGET = 10.10;
				MTL_ENABLE_DEBUG_INFO = YES;
				ONLY_ACTIVE_ARCH = YES;
				SDKROOT = macosx;
			};
			name = Debug;
		};
		9A597C501AC32F41002648A6 /* Release */ = {
			isa = XCBuildConfiguration;
			buildSettings = {
				ALWAYS_SEARCH_USER_PATHS = NO;
				CLANG_CXX_LANGUAGE_STANDARD = "gnu++0x";
				CLANG_CXX_LIBRARY = "libc++";
				CLANG_ENABLE_MODULES = YES;
				CLANG_ENABLE_OBJC_ARC = YES;
				CLANG_WARN_BOOL_CONVERSION = YES;
				CLANG_WARN_CONSTANT_CONVERSION = YES;
				CLANG_WARN_DIRECT_OBJC_ISA_USAGE = YES_ERROR;
				CLANG_WARN_EMPTY_BODY = YES;
				CLANG_WARN_ENUM_CONVERSION = YES;
				CLANG_WARN_INT_CONVERSION = YES;
				CLANG_WARN_OBJC_ROOT_CLASS = YES_ERROR;
				CLANG_WARN_UNREACHABLE_CODE = YES;
				CLANG_WARN__DUPLICATE_METHOD_MATCH = YES;
				CODE_SIGN_IDENTITY = "-";
				COPY_PHASE_STRIP = NO;
				DEBUG_INFORMATION_FORMAT = "dwarf-with-dsym";
				ENABLE_NS_ASSERTIONS = NO;
				ENABLE_STRICT_OBJC_MSGSEND = YES;
				GCC_C_LANGUAGE_STANDARD = gnu99;
				GCC_WARN_64_TO_32_BIT_CONVERSION = YES;
				GCC_WARN_ABOUT_RETURN_TYPE = YES_ERROR;
				GCC_WARN_UNDECLARED_SELECTOR = YES;
				GCC_WARN_UNINITIALIZED_AUTOS = YES_AGGRESSIVE;
				GCC_WARN_UNUSED_FUNCTION = YES;
				GCC_WARN_UNUSED_VARIABLE = YES;
				MACOSX_DEPLOYMENT_TARGET = 10.10;
				MTL_ENABLE_DEBUG_INFO = NO;
				SDKROOT = macosx;
			};
			name = Release;
		};
		9A597C521AC32F41002648A6 /* Debug */ = {
			isa = XCBuildConfiguration;
			buildSettings = {
				ASSETCATALOG_COMPILER_APPICON_NAME = AppIcon;
				COMBINE_HIDPI_IMAGES = YES;
				INFOPLIST_FILE = Pomodorin/Info.plist;
				LD_RUNPATH_SEARCH_PATHS = "$(inherited) @executable_path/../Frameworks";
				PRODUCT_NAME = "$(TARGET_NAME)";
			};
			name = Debug;
		};
		9A597C531AC32F41002648A6 /* Release */ = {
			isa = XCBuildConfiguration;
			buildSettings = {
				ASSETCATALOG_COMPILER_APPICON_NAME = AppIcon;
				COMBINE_HIDPI_IMAGES = YES;
				INFOPLIST_FILE = Pomodorin/Info.plist;
				LD_RUNPATH_SEARCH_PATHS = "$(inherited) @executable_path/../Frameworks";
				ONLY_ACTIVE_ARCH = NO;
				PRODUCT_NAME = "$(TARGET_NAME)";
			};
			name = Release;
		};
		9A597C551AC32F41002648A6 /* Debug */ = {
			isa = XCBuildConfiguration;
			buildSettings = {
				BUNDLE_LOADER = "$(TEST_HOST)";
				COMBINE_HIDPI_IMAGES = YES;
				FRAMEWORK_SEARCH_PATHS = (
					"$(DEVELOPER_FRAMEWORKS_DIR)",
					"$(inherited)",
				);
				GCC_PREPROCESSOR_DEFINITIONS = (
					"DEBUG=1",
					"$(inherited)",
				);
				INFOPLIST_FILE = PomodorinTests/Info.plist;
				LD_RUNPATH_SEARCH_PATHS = "$(inherited) @executable_path/../Frameworks @loader_path/../Frameworks";
				PRODUCT_NAME = "$(TARGET_NAME)";
				TEST_HOST = "$(BUILT_PRODUCTS_DIR)/Pomodorin.app/Contents/MacOS/Pomodorin";
			};
			name = Debug;
		};
		9A597C561AC32F41002648A6 /* Release */ = {
			isa = XCBuildConfiguration;
			buildSettings = {
				BUNDLE_LOADER = "$(TEST_HOST)";
				COMBINE_HIDPI_IMAGES = YES;
				FRAMEWORK_SEARCH_PATHS = (
					"$(DEVELOPER_FRAMEWORKS_DIR)",
					"$(inherited)",
				);
				INFOPLIST_FILE = PomodorinTests/Info.plist;
				LD_RUNPATH_SEARCH_PATHS = "$(inherited) @executable_path/../Frameworks @loader_path/../Frameworks";
				PRODUCT_NAME = "$(TARGET_NAME)";
				TEST_HOST = "$(BUILT_PRODUCTS_DIR)/Pomodorin.app/Contents/MacOS/Pomodorin";
			};
			name = Release;
		};
/* End XCBuildConfiguration section */

/* Begin XCConfigurationList section */
		9A597C2F1AC32F41002648A6 /* Build configuration list for PBXProject "Pomodorin" */ = {
			isa = XCConfigurationList;
			buildConfigurations = (
				9A597C4F1AC32F41002648A6 /* Debug */,
				9A597C501AC32F41002648A6 /* Release */,
			);
			defaultConfigurationIsVisible = 0;
			defaultConfigurationName = Release;
		};
		9A597C511AC32F41002648A6 /* Build configuration list for PBXNativeTarget "Pomodorin" */ = {
			isa = XCConfigurationList;
			buildConfigurations = (
				9A597C521AC32F41002648A6 /* Debug */,
				9A597C531AC32F41002648A6 /* Release */,
			);
			defaultConfigurationIsVisible = 0;
			defaultConfigurationName = Release;
		};
		9A597C541AC32F41002648A6 /* Build configuration list for PBXNativeTarget "PomodorinTests" */ = {
			isa = XCConfigurationList;
			buildConfigurations = (
				9A597C551AC32F41002648A6 /* Debug */,
				9A597C561AC32F41002648A6 /* Release */,
			);
			defaultConfigurationIsVisible = 0;
			defaultConfigurationName = Release;
		};
/* End XCConfigurationList section */
	};
	rootObject = 9A597C2C1AC32F41002648A6 /* Project object */;
}
